github.com/benbjohnson/clock v1.1.0/go.mod h1:J11/hYXuz8f4ySSvYwY0FKfm+ezbsZBKZxNJlLklBHA=
github.com/cenkalti/backoff/v4 v4.2.1 h1:y4OZtCnogmCPw98Zjyt5a6+QwPLGkiQsYW5oUqylYbM=
github.com/cenkalti/backoff/v4 v4.2.1/go.mod h1:Y3VNntkOUPxTVeUxJ/G5vcM//AlwfmyYozVcomhLiZE=
github.com/davecgh/go-spew v1.1.0/go.mod h1:J7Y8YcW2NihsgmVo/mv3lAwl/skON4iLHjSsI+c5H38=
github.com/davecgh/go-spew v1.1.1 h1:vj9j/u1bqnvCEfJOwUhtlOARqs3+rkHYY13jYWTU97c=
github.com/davecgh/go-spew v1.1.1/go.mod h1:J7Y8YcW2NihsgmVo/mv3lAwl/skON4iLHjSsI+c5H38=
github.com/felixge/httpsnoop v1.0.3 h1:s/nj+GCswXYzN5v2DpNMuMQYe+0DDwt5WVCU6CWBdXk=
github.com/felixge/httpsnoop v1.0.3/go.mod h1:m8KPJKqk1gH5J9DgRY2ASl2lWCfGKXixSwevea8zH2U=
github.com/go-logr/logr v1.2.2/go.mod h1:jdQByPbusPIv2/zmleS9BjJVeZ6kBagPoEUsqbVz/1A=
github.com/go-logr/logr v1.2.4 h1:g01GSCwiDw2xSZfjJ2/T9M+S6pFdcNtFYsp+Y43HYDQ=
github.com/go-logr/logr v1.2.4/go.mod h1:jdQByPbusPIv2/zmleS9BjJVeZ6kBagPoEUsqbVz/1A=
github.com/go-logr/stdr v1.2.2 h1:hSWxHoqTgW2S2qGc0LTAI563KZ5YKYRhT3MFKZMbjag=
github.com/go-logr/stdr v1.2.2/go.mod h1:mMo/vtBO5dYbehREoey6XUKy/eSumjCCveDpRre4VKE=
github.com/go-logr/zapr v1.2.4 h1:QHVo+6stLbfJmYGkQ7uGHUCu5hnAFAj6mDe6Ea0SeOo=
github.com/go-logr/zapr v1.2.4/go.mod h1:FyHWQIzQORZ0QVE1BtVHv3cKtNLuXsbNLtpuhNapBOA=
github.com/golang/glog v1.1.0 h1:/d3pCKDPWNnvIWe0vVUpNP32qc8U3PDVxySP/y360qE=
github.com/golang/protobuf v1.5.0/go.mod h1:FsONVRAS9T7sI+LIUmWTfcYkHO4aIWwzhcaSAoJOfIk=
github.com/golang/protobuf v1.5.3 h1:KhyjKVUg7Usr/dYsdSqoFveMYd5ko72D+zANwlG1mmg=
github.com/golang/protobuf v1.5.3/go.mod h1:XVQd3VNwM+JqD3oG2Ue2ip4fOMUkwXdXDdiuN0vRsmY=
github.com/google/go-cmp v0.5.5/go.mod h1:v8dTdLbMG2kIc/vJvl+f65V22dbkXbowE6jgT/gNBxE=
github.com/google/go-cmp v0.5.9 h1:O2Tfq5qg4qc4AmwVlvv0oLiVAGB7enBSJ2x2DqQFi38=
github.com/grpc-ecosystem/grpc-gateway/v2 v2.18.0 h1:RtRsiaGvWxcwd8y3BiRZxsylPT8hLWZ5SPcfI+3IDNk=
github.com/grpc-ecosystem/grpc-gateway/v2 v2.18.0/go.mod h1:TzP6duP4Py2pHLVPPQp42aoYI92+PCrVotyR5e8Vqlk=
github.com/kr/pretty v0.1.0/go.mod h1:dAy3ld7l9f0ibDNOQOHHMYYIIbhfbHSm3C4ZsoJORNo=
github.com/kr/pty v1.1.1/go.mod h1:pFQYn66WHrOpPYNljwOMqo10TkYh1fy3cYio2l3bCsQ=
github.com/kr/text v0.1.0/go.mod h1:4Jbv+DJW3UT/LiOwJeYQe1efqtUx/iVham/4vfdArNI=
github.com/pkg/errors v0.8.1/go.mod h1:bwawxfHBFNV+L2hUp1rHADufV3IMtnDRdf1r5NINEl0=
github.com/pkg/errors v0.9.1/go.mod h1:bwawxfHBFNV+L2hUp1rHADufV3IMtnDRdf1r5NINEl0=
github.com/pmezard/go-difflib v1.0.0 h1:4DBwDE0NGyQoBHbLQYPwSUPoCMWR5BEzIk/f1lZbAQM=
github.com/pmezard/go-difflib v1.0.0/go.mod h1:iKH77koFhYxTK1pcRnkKkqfTogsbg7gZNVY4sRDYZ/4=
github.com/signalfx/splunk-otel-go/distro v1.9.0 h1:zrskabUaErkZXvuO8hF3x+ipkfCH7yH81Fb/gVGJPXA=
github.com/signalfx/splunk-otel-go/distro v1.9.0/go.mod h1:dS9Sd5Lnx54Ox5lVpAe4HCLmFWtFkRYEa+uvo7jxaus=
github.com/stretchr/objx v0.1.0/go.mod h1:HFkY916IF+rwdDfMAkV7OtwuqBVzrE8GR6GFx+wExME=
github.com/stretchr/objx v0.4.0/go.mod h1:YvHI0jy2hoMjB+UWwv71VJQ9isScKT/TqJzVSSt89Yw=
github.com/stretchr/objx v0.5.0 h1:1zr/of2m5FGMsad5YfcqgdqdWrIhu+EBEJRhR1U7z/c=
github.com/stretchr/testify v1.3.0/go.mod h1:M5WIy9Dh21IEIfnGCwXGc5bZfKNJtfHm1UVUgZn+9EI=
github.com/stretchr/testify v1.7.0/go.mod h1:6Fq8oRcR53rry900zMqJjRRixrwX3KX962/h/Wwjteg=
github.com/stretchr/testify v1.7.1/go.mod h1:6Fq8oRcR53rry900zMqJjRRixrwX3KX962/h/Wwjteg=
github.com/stretchr/testify v1.8.0/go.mod h1:yNjHg4UonilssWZ8iaSj1OCr/vHnekPRkoO+kdMU+MU=
github.com/stretchr/testify v1.8.4 h1:CcVxjf3Q8PM0mHUKJCdn+eZZtm5yQwehR5yeSVQQcUk=
github.com/tonglil/buflogr v1.0.1 h1:WXFZLKxLfqcVSmckwiMCF8jJwjIgmStJmg63YKRF1p0=
github.com/yuin/goldmark v1.3.5/go.mod h1:mwnBkeHKe2W/ZEtQ+71ViKU8L12m81fl3OWwC1Zlc8k=
go.opentelemetry.io/contrib/instrumentation/net/http/otelhttp v0.45.0 h1:x8Z78aZx8cOF0+Kkazoc7lwUNMGy0LrzEMxTm4BbTxg=
go.opentelemetry.io/contrib/instrumentation/net/http/otelhttp v0.45.0/go.mod h1:62CPTSry9QZtOaSsE3tOzhx6LzDhHnXJ6xHeMNNiM6Q=
go.opentelemetry.io/contrib/instrumentation/runtime v0.45.0 h1:2JydY5UiDpqvj2p7sO9bgHuhTy4hgTZ0ymehdq/Ob0Q=
go.opentelemetry.io/contrib/instrumentation/runtime v0.45.0/go.mod h1:ch3a5QxOqVWxas4CzjCFFOOQe+7HgAXC/N1oVxS9DK4=
go.opentelemetry.io/contrib/propagators/autoprop v0.45.0 h1:FT/JCFzjzXgyp/aXkQeywnI/Tl8ZtKhvusVtZOokmFM=
go.opentelemetry.io/contrib/propagators/autoprop v0.45.0/go.mod h1:L/2JIbqAmGzBvGJ3rXA+KXmWXUuUYUDZnhXeJttjJRg=
go.opentelemetry.io/contrib/propagators/aws v1.20.0 h1:PByDRx6xPygwFP+L3FTlOifJoCB10T2LdRBZcDYMTJw=
go.opentelemetry.io/contrib/propagators/aws v1.20.0/go.mod h1:MPJhNHiRW57k/q+apqUJqWxs2pfrGMCZ2nhh9/2imko=
go.opentelemetry.io/contrib/propagators/b3 v1.20.0 h1:Yty9Vs4F3D6/liF1o6FNt0PvN85h/BJJ6DQKJ3nrcM0=
go.opentelemetry.io/contrib/propagators/b3 v1.20.0/go.mod h1:On4VgbkqYL18kbJlWsa18+cMNe6rYpBnPi1ARI/BrsU=
go.opentelemetry.io/contrib/propagators/jaeger v1.20.0 h1:iVhNKkMIpzyZqxk8jkDU2n4DFTD+FbpGacvooxEvyyc=
go.opentelemetry.io/contrib/propagators/jaeger v1.20.0/go.mod h1:cpSABr0cm/AH/HhbJjn+AudBVUMgZWdfN3Gb+ZqxSZc=
go.opentelemetry.io/contrib/propagators/ot v1.20.0 h1:duH7mgL6VGQH7e7QEAVOFkCQXWpCb4PjTtrhdrYrJRQ=
go.opentelemetry.io/contrib/propagators/ot v1.20.0/go.mod h1:gijQzxOq0JLj9lyZhTvqjDddGV/zaNagpPIn+2r8CEI=
go.opentelemetry.io/otel v1.19.0 h1:MuS/TNf4/j4IXsZuJegVzI1cwut7Qc00344rgH7p8bs=
go.opentelemetry.io/otel v1.19.0/go.mod h1:i0QyjOq3UPoTzff0PJB2N66fb4S0+rSbSB15/oyH9fY=
go.opentelemetry.io/otel/exporters/jaeger v1.17.0 h1:D7UpUy2Xc2wsi1Ras6V40q806WM07rqoCWzXu7Sqy+4=
go.opentelemetry.io/otel/exporters/jaeger v1.17.0/go.mod h1:nPCqOnEH9rNLKqH/+rrUjiMzHJdV1BlpKcTwRTyKkKI=
go.opentelemetry.io/otel/exporters/otlp/otlpmetric v0.42.0 h1:ZtfnDL+tUrs1F0Pzfwbg2d59Gru9NCH3bgSHBM6LDwU=
go.opentelemetry.io/otel/exporters/otlp/otlpmetric v0.42.0/go.mod h1:hG4Fj/y8TR/tlEDREo8tWstl9fO9gcFkn4xrx0Io8xU=
go.opentelemetry.io/otel/exporters/otlp/otlpmetric/otlpmetricgrpc v0.42.0 h1:NmnYCiR0qNufkldjVvyQfZTHSdzeHoZ41zggMsdMcLM=
go.opentelemetry.io/otel/exporters/otlp/otlpmetric/otlpmetricgrpc v0.42.0/go.mod h1:UVAO61+umUsHLtYb8KXXRoHtxUkdOPkYidzW3gipRLQ=
go.opentelemetry.io/otel/exporters/otlp/otlptrace v1.19.0 h1:Mne5On7VWdx7omSrSSZvM4Kw7cS7NQkOOmLcgscI51U=
go.opentelemetry.io/otel/exporters/otlp/otlptrace v1.19.0/go.mod h1:IPtUMKL4O3tH5y+iXVyAXqpAwMuzC1IrxVS81rummfE=
go.opentelemetry.io/otel/exporters/otlp/otlptrace/otlptracegrpc v1.19.0 h1:3d+S281UTjM+AbF31XSOYn1qXn3BgIdWl8HNEpx08Jk=
go.opentelemetry.io/otel/exporters/otlp/otlptrace/otlptracegrpc v1.19.0/go.mod h1:0+KuTDyKL4gjKCF75pHOX4wuzYDUZYfAQdSu43o+Z2I=
go.opentelemetry.io/otel/metric v1.19.0 h1:aTzpGtV0ar9wlV4Sna9sdJyII5jTVJEvKETPiOKwvpE=
go.opentelemetry.io/otel/metric v1.19.0/go.mod h1:L5rUsV9kM1IxCj1MmSdS+JQAcVm319EUrDVLrt7jqt8=
go.opentelemetry.io/otel/sdk v1.19.0 h1:6USY6zH+L8uMH8L3t1enZPR3WFEmSTADlqldyHtJi3o=
go.opentelemetry.io/otel/sdk v1.19.0/go.mod h1:NedEbbS4w3C6zElbLdPJKOpJQOrGUJ+GfzpjUvI0v1A=
go.opentelemetry.io/otel/sdk/metric v1.19.0 h1:EJoTO5qysMsYCa+w4UghwFV/ptQgqSL/8Ni+hx+8i1k=
go.opentelemetry.io/otel/sdk/metric v1.19.0/go.mod h1:XjG0jQyFJrv2PbMvwND7LwCEhsJzCzV5210euduKcKY=
go.opentelemetry.io/otel/trace v1.19.0 h1:DFVQmlVbfVeOuBRrwdtaehRrWiL1JoVs9CPIQ1Dzxpg=
go.opentelemetry.io/otel/trace v1.19.0/go.mod h1:mfaSyvGyEJEI0nyV2I4qhNQnbBOUUmYZpYojqMnX2vo=
go.opentelemetry.io/proto/otlp v1.0.0 h1:T0TX0tmXU8a3CbNXzEKGeU5mIVOdf0oykP+u2lIVU/I=
go.opentelemetry.io/proto/otlp v1.0.0/go.mod h1:Sy6pihPLfYHkr3NkUbEhGHFhINUSI/v80hjKIs5JXpM=
go.uber.org/atomic v1.7.0/go.mod h1:fEN4uk6kAWBTFdckzkM89CLk9XfWZrxpCo0nPH17wJc=
go.uber.org/goleak v1.1.11/go.mod h1:cwTWslyiVhfpKIDGSZEM2HlOvcqm+tG4zioyIeLoqMQ=
go.uber.org/goleak v1.2.1 h1:NBol2c7O1ZokfZ0LEU9K6Whx/KnwvepVetCUhtKja4A=
go.uber.org/multierr v1.6.0/go.mod h1:cdWPpRnG4AhwMwsgIHip0KRBQjJy5kYEpYjJxpXp9iU=
go.uber.org/multierr v1.11.0 h1:blXXJkSxSSfBVBlC76pxqeO+LN3aDfLQo+309xJstO0=
go.uber.org/multierr v1.11.0/go.mod h1:20+QtiLqy0Nd6FdQB9TLXag12DsQkrbs3htMFfDN80Y=
go.uber.org/zap v1.24.0/go.mod h1:2kMP+WWQ8aoFoedH3T2sq6iJ2yDWpHbP0f6MQbS9Gkg=
go.uber.org/zap v1.26.0 h1:sI7k6L95XOKS281NhVKOFCUNIvv9e0w4BF8N3u+tCRo=
go.uber.org/zap v1.26.0/go.mod h1:dtElttAiwGvoJ/vj4IwHBS/gXsEu/pZ50mUIRWuG0so=
golang.org/x/crypto v0.0.0-20190308221718-c2843e01d9a2/go.mod h1:djNgcEr1/C05ACkg1iLfiJU5Ep61QUkGW8qpdssI0+w=
golang.org/x/crypto v0.0.0-20191011191535-87dc89f01550/go.mod h1:yigFU9vqHzYiE8UmvKecakEJjdnWj3jj499lnFckfCI=
golang.org/x/lint v0.0.0-20190930215403-16217165b5de/go.mod h1:6SW0HCj/g11FgYtHlgUYUwCkIfeOF89ocIRzGO/8vkc=
golang.org/x/mod v0.4.2/go.mod h1:s0Qsj1ACt9ePp/hMypM3fl4fZqREWJwdYDEqhRiZZUA=
golang.org/x/net v0.0.0-20190311183353-d8887717615a/go.mod h1:t9HGtf8HONx5eT2rtn7q6eTqICYqUVnKs3thJo3Qplg=
golang.org/x/net v0.0.0-20190404232315-eb5bcb51f2a3/go.mod h1:t9HGtf8HONx5eT2rtn7q6eTqICYqUVnKs3thJo3Qplg=
golang.org/x/net v0.0.0-20190620200207-3b0461eec859/go.mod h1:z5CRVTTTmAJ677TzLLGU+0bjPO0LkuOLi4/5GtJWs/s=
golang.org/x/net v0.0.0-20210405180319-a5a99cb37ef4/go.mod h1:p54w0d4576C0XHj96bSt6lcn1PtDYWL6XObtHCRCNQM=
golang.org/x/net v0.17.0 h1:pVaXccu2ozPjCXewfr1S7xza/zcXTity9cCdXQYSjIM=
golang.org/x/net v0.17.0/go.mod h1:NxSsAGuq816PNPmqtQdLE42eU2Fs7NoRIZrHJAlaCOE=
golang.org/x/sync v0.0.0-20190423024810-112230192c58/go.mod h1:RxMgew5VJxzue5/jJTE5uejpjVlOe/izrB70Jof72aM=
golang.org/x/sync v0.0.0-20210220032951-036812b2e83c/go.mod h1:RxMgew5VJxzue5/jJTE5uejpjVlOe/izrB70Jof72aM=
golang.org/x/sys v0.0.0-20190215142949-d0b11bdaac8a/go.mod h1:STP8DvDyc/dI5b8T5hshtkjS+E42TnysNCUPdjciGhY=
golang.org/x/sys v0.0.0-20190412213103-97732733099d/go.mod h1:h1NjWce9XRLGQEsW7wpKNCjG9DtNlClVuFLEZdDNbEs=
golang.org/x/sys v0.0.0-20201119102817-f84b799fce68/go.mod h1:h1NjWce9XRLGQEsW7wpKNCjG9DtNlClVuFLEZdDNbEs=
golang.org/x/sys v0.0.0-20210330210617-4fbd30eecc44/go.mod h1:h1NjWce9XRLGQEsW7wpKNCjG9DtNlClVuFLEZdDNbEs=
golang.org/x/sys v0.0.0-20210510120138-977fb7262007/go.mod h1:oPkhp1MJrh7nUepCBck5+mAzfO9JrbApNNgaTdGDITg=
golang.org/x/sys v0.13.0 h1:Af8nKPmuFypiUBjVoU9V20FiaFXOcuZI21p0ycVYYGE=
golang.org/x/sys v0.13.0/go.mod h1:oPkhp1MJrh7nUepCBck5+mAzfO9JrbApNNgaTdGDITg=
golang.org/x/term v0.0.0-20201126162022-7de9c90e9dd1/go.mod h1:bj7SfCRtBDWHUb9snDiAeCFNEtKQo2Wmx5Cou7ajbmo=
golang.org/x/text v0.3.0/go.mod h1:NqM8EUOU14njkJ3fqMW+pc6Ldnwhi/IjpwHt7yyuwOQ=
golang.org/x/text v0.3.3/go.mod h1:5Zoc/QRtKVWzQhOtBMvqHzDpF6irO9z98xDceosuGiQ=
golang.org/x/text v0.13.0 h1:ablQoSUd0tRdKxZewP80B+BaqeKJuVhuRxj/dkrun3k=
golang.org/x/text v0.13.0/go.mod h1:TvPlkZtksWOMsz7fbANvkp4WM8x/WCo/om8BMLbz+aE=
golang.org/x/tools v0.0.0-20180917221912-90fa682c2a6e/go.mod h1:n7NCudcB/nEzxVGmLbDWY5pfWTLqBcC2KZ6jyYvM4mQ=
golang.org/x/tools v0.0.0-20190311212946-11955173bddd/go.mod h1:LCzVGOaR6xXOjkQ3onu1FJEFr0SW1gC7cKk1uF8kGRs=
golang.org/x/tools v0.0.0-20191119224855-298f0cb1881e/go.mod h1:b+2E5dAYhXwXZwtnZ6UAqBI28+e2cm9otk0dWdXHAEo=
golang.org/x/tools v0.1.5/go.mod h1:o0xws9oXOQQZyjljx8fwUC0k7L1pTE6eaCbjGeHmOkk=
golang.org/x/xerrors v0.0.0-20190717185122-a985d3407aa7/go.mod h1:I/5z698sn9Ka8TeJc9MKroUUfqBBauWjQqLJ2OPfmY0=
golang.org/x/xerrors v0.0.0-20191011141410-1b5146add898/go.mod h1:I/5z698sn9Ka8TeJc9MKroUUfqBBauWjQqLJ2OPfmY0=
golang.org/x/xerrors v0.0.0-20191204190536-9bdfabe68543/go.mod h1:I/5z698sn9Ka8TeJc9MKroUUfqBBauWjQqLJ2OPfmY0=
golang.org/x/xerrors v0.0.0-20200804184101-5ec99f83aff1/go.mod h1:I/5z698sn9Ka8TeJc9MKroUUfqBBauWjQqLJ2OPfmY0=
google.golang.org/genproto v0.0.0-20231002182017-d307bd883b97 h1:SeZZZx0cP0fqUyA+oRzP9k7cSwJlvDFiROO72uwD6i0=
google.golang.org/genproto/googleapis/api v0.0.0-20231009173412-8bfb1ae86b6c h1:0RtEmmHjemvUXloH7+RuBSIw7n+GEHMOMY1CkGYnWq4=
google.golang.org/genproto/googleapis/api v0.0.0-20231009173412-8bfb1ae86b6c/go.mod h1:Wth13BrWMRN/G+guBLupKa6fslcWZv14R0ZKDRkNfY8=
google.golang.org/genproto/googleapis/rpc v0.0.0-20231009173412-8bfb1ae86b6c h1:jHkCUWkseRf+W+edG5hMzr/Uh1xkDREY4caybAq4dpY=
google.golang.org/genproto/googleapis/rpc v0.0.0-20231009173412-8bfb1ae86b6c/go.mod h1:4cYg8o5yUbm77w8ZX00LhMVNl/YVBFJRYWDc0uYWMs0=
google.golang.org/grpc v1.58.3 h1:BjnpXut1btbtgN/6sp+brB2Kbm2LjNXnidYujAVbSoQ=
google.golang.org/grpc v1.58.3/go.mod h1:tgX3ZQDlNJGU96V6yHh1T/JeoBQ2TXdr43YbYSsCJk0=
google.golang.org/protobuf v1.26.0-rc.1/go.mod h1:jlhhOSvTdKEhbULTjvd4ARK9grFBp09yW+WbY/TyQbw=
google.golang.org/protobuf v1.26.0/go.mod h1:9q0QmTI4eRPtz6boOQmLYwt+qCgq0jsYwAQnmE0givc=
google.golang.org/protobuf v1.31.0 h1:g0LDEJHgrBl9N9r17Ru3sqWhkIx2NB67okBHPwC7hs8=
google.golang.org/protobuf v1.31.0/go.mod h1:HV8QOd/L58Z+nl8r43ehVNZIU/HEI6OcFqwMG9pJV4I=
gopkg.in/check.v1 v0.0.0-20161208181325-20d25e280405/go.mod h1:Co6ibVJAznAaIkqp8huTwlJQCZ016jof/cbN4VW5Yz0=
gopkg.in/check.v1 v1.0.0-20180628173108-788fd7840127/go.mod h1:Co6ibVJAznAaIkqp8huTwlJQCZ016jof/cbN4VW5Yz0=
gopkg.in/yaml.v3 v3.0.0-20200313102051-9f266ea9e77c/go.mod h1:K4uyk7z7BCEPqu6E+C64Yfv1cQ7kz7rIZviUmN+EgEM=
gopkg.in/yaml.v3 v3.0.1 h1:fxVm/GzAzEWqLHuvctI91KS9hhNmmWOoWu0XTYJS7CA=
gopkg.in/yaml.v3 v3.0.1/go.mod h1:K4uyk7z7BCEPqu6E+C64Yfv1cQ7kz7rIZviUmN+EgEM=
